
Microsoft Visual Studio Solution File, Format Version 12.00
# Visual Studio Version 16
VisualStudioVersion = 16.0.30804.86
MinimumVisualStudioVersion = 10.0.40219.1
Project("{FAE04EC0-301F-11D3-BF4B-00C04F79EFBC}") = "Inventario", "Inventario\Inventario.csproj", "{C0D4B61B-8034-41D9-945D-2C425EB3E877}"
EndProject
Global
	GlobalSection(SolutionConfigurationPlatforms) = preSolution
		Debug|Any CPU = Debug|Any CPU
		Release|Any CPU = Release|Any CPU
	EndGlobalSection
	GlobalSection(ProjectConfigurationPlatforms) = postSolution
		{C0D4B61B-8034-41D9-945D-2C425EB3E877}.Debug|Any CPU.ActiveCfg = Debug|Any CPU
		{C0D4B61B-8034-41D9-945D-2C425EB3E877}.Debug|Any CPU.Build.0 = Debug|Any CPU
		{C0D4B61B-8034-41D9-945D-2C425EB3E877}.Release|Any CPU.ActiveCfg = Release|Any CPU
		{C0D4B61B-8034-41D9-945D-2C425EB3E877}.Release|Any CPU.Build.0 = Release|Any CPU
	EndGlobalSection
	GlobalSection(SolutionProperties) = preSolution
		HideSolutionNode = FALSE
	EndGlobalSection
	GlobalSection(ExtensibilityGlobals) = postSolution
		SolutionGuid = {04D3D604-A5DB-4C75-9348-FD06B84BDA61}
	EndGlobalSection
EndGlobal
